

Microsoft Visual Studio Solution File, Format Version 12.00
# Visual Studio Version 17
VisualStudioVersion = 17.0.31903.59
MinimumVisualStudioVersion = 10.0.40219.1
Project("{2150E333-8FDC-42A3-9474-1A3956D46DE8}") = "src", "src", "{827E0CD3-B72D-47B6-A68D-7590B98EB39B}"
EndProject
Project("{FAE04EC0-301F-11D3-BF4B-00C04F79EFBC}") = "MarbleCraftOMS.Core", "src\MarbleCraftOMS.Core\MarbleCraftOMS.Core.csproj", "{3BAC7EF3-0CFA-4284-A1CC-61D2FD76B28D}"
EndProject
Project("{FAE04EC0-301F-11D3-BF4B-00C04F79EFBC}") = "MarbleCraftOMS.Api", "src\MarbleCraftOMS.Api\MarbleCraftOMS.Api.csproj", "{76548DAC-0634-4727-B6C1-B36DAD2CC678}"
EndProject
Project("{FAE04EC0-301F-11D3-BF4B-00C04F79EFBC}") = "MarbleCraftOMS.Application", "src\MarbleCraftOMS.Application\MarbleCraftOMS.Application.csproj", "{9CD7DE89-1FE2-4B56-A00F-46E23E87289A}"
EndProject
Project("{FAE04EC0-301F-11D3-BF4B-00C04F79EFBC}") = "MarbleCraftOMS.Infrastructure", "src\MarbleCraftOMS.Infrastructure\MarbleCraftOMS.Infrastructure.csproj", "{6D204644-5C52-4B01-85B6-144F8100C51C}"
EndProject
Project("{FAE04EC0-301F-11D3-BF4B-00C04F79EFBC}") = "MarbleCraftOMS.BackgroundServices", "src\MarbleCraftOMS.BackgroundServices\MarbleCraftOMS.BackgroundServices.csproj", "{9322CF0B-1D92-4217-A461-AB416EE66B9F}"
EndProject
Global
	GlobalSection(SolutionConfigurationPlatforms) = preSolution
		Debug|Any CPU = Debug|Any CPU
		Debug|x64 = Debug|x64
		Debug|x86 = Debug|x86
		Release|Any CPU = Release|Any CPU
		Release|x64 = Release|x64
		Release|x86 = Release|x86
	EndGlobalSection
	GlobalSection(ProjectConfigurationPlatforms) = postSolution
		{3BAC7EF3-0CFA-4284-A1CC-61D2FD76B28D}.Debug|Any CPU.ActiveCfg = Debug|Any CPU
		{3BAC7EF3-0CFA-4284-A1CC-61D2FD76B28D}.Debug|Any CPU.Build.0 = Debug|Any CPU
		{3BAC7EF3-0CFA-4284-A1CC-61D2FD76B28D}.Debug|x64.ActiveCfg = Debug|Any CPU
		{3BAC7EF3-0CFA-4284-A1CC-61D2FD76B28D}.Debug|x64.Build.0 = Debug|Any CPU
		{3BAC7EF3-0CFA-4284-A1CC-61D2FD76B28D}.Debug|x86.ActiveCfg = Debug|Any CPU
		{3BAC7EF3-0CFA-4284-A1CC-61D2FD76B28D}.Debug|x86.Build.0 = Debug|Any CPU
		{3BAC7EF3-0CFA-4284-A1CC-61D2FD76B28D}.Release|Any CPU.ActiveCfg = Release|Any CPU
		{3BAC7EF3-0CFA-4284-A1CC-61D2FD76B28D}.Release|Any CPU.Build.0 = Release|Any CPU
		{3BAC7EF3-0CFA-4284-A1CC-61D2FD76B28D}.Release|x64.ActiveCfg = Release|Any CPU
		{3BAC7EF3-0CFA-4284-A1CC-61D2FD76B28D}.Release|x64.Build.0 = Release|Any CPU
		{3BAC7EF3-0CFA-4284-A1CC-61D2FD76B28D}.Release|x86.ActiveCfg = Release|Any CPU
		{3BAC7EF3-0CFA-4284-A1CC-61D2FD76B28D}.Release|x86.Build.0 = Release|Any CPU
		{76548DAC-0634-4727-B6C1-B36DAD2CC678}.Debug|Any CPU.ActiveCfg = Debug|Any CPU
		{76548DAC-0634-4727-B6C1-B36DAD2CC678}.Debug|Any CPU.Build.0 = Debug|Any CPU
		{76548DAC-0634-4727-B6C1-B36DAD2CC678}.Debug|x64.ActiveCfg = Debug|Any CPU
		{76548DAC-0634-4727-B6C1-B36DAD2CC678}.Debug|x64.Build.0 = Debug|Any CPU
		{76548DAC-0634-4727-B6C1-B36DAD2CC678}.Debug|x86.ActiveCfg = Debug|Any CPU
		{76548DAC-0634-4727-B6C1-B36DAD2CC678}.Debug|x86.Build.0 = Debug|Any CPU
		{76548DAC-0634-4727-B6C1-B36DAD2CC678}.Release|Any CPU.ActiveCfg = Release|Any CPU
		{76548DAC-0634-4727-B6C1-B36DAD2CC678}.Release|Any CPU.Build.0 = Release|Any CPU
		{76548DAC-0634-4727-B6C1-B36DAD2CC678}.Release|x64.ActiveCfg = Release|Any CPU
		{76548DAC-0634-4727-B6C1-B36DAD2CC678}.Release|x64.Build.0 = Release|Any CPU
		{76548DAC-0634-4727-B6C1-B36DAD2CC678}.Release|x86.ActiveCfg = Release|Any CPU
		{76548DAC-0634-4727-B6C1-B36DAD2CC678}.Release|x86.Build.0 = Release|Any CPU
		{9CD7DE89-1FE2-4B56-A00F-46E23E87289A}.Debug|Any CPU.ActiveCfg = Debug|Any CPU
		{9CD7DE89-1FE2-4B56-A00F-46E23E87289A}.Debug|Any CPU.Build.0 = Debug|Any CPU
		{9CD7DE89-1FE2-4B56-A00F-46E23E87289A}.Debug|x64.ActiveCfg = Debug|Any CPU
		{9CD7DE89-1FE2-4B56-A00F-46E23E87289A}.Debug|x64.Build.0 = Debug|Any CPU
		{9CD7DE89-1FE2-4B56-A00F-46E23E87289A}.Debug|x86.ActiveCfg = Debug|Any CPU
		{9CD7DE89-1FE2-4B56-A00F-46E23E87289A}.Debug|x86.Build.0 = Debug|Any CPU
		{9CD7DE89-1FE2-4B56-A00F-46E23E87289A}.Release|Any CPU.ActiveCfg = Release|Any CPU
		{9CD7DE89-1FE2-4B56-A00F-46E23E87289A}.Release|Any CPU.Build.0 = Release|Any CPU
		{9CD7DE89-1FE2-4B56-A00F-46E23E87289A}.Release|x64.ActiveCfg = Release|Any CPU
		{9CD7DE89-1FE2-4B56-A00F-46E23E87289A}.Release|x64.Build.0 = Release|Any CPU
		{9CD7DE89-1FE2-4B56-A00F-46E23E87289A}.Release|x86.ActiveCfg = Release|Any CPU
		{9CD7DE89-1FE2-4B56-A00F-46E23E87289A}.Release|x86.Build.0 = Release|Any CPU
		{6D204644-5C52-4B01-85B6-144F8100C51C}.Debug|Any CPU.ActiveCfg = Debug|Any CPU
		{6D204644-5C52-4B01-85B6-144F8100C51C}.Debug|Any CPU.Build.0 = Debug|Any CPU
		{6D204644-5C52-4B01-85B6-144F8100C51C}.Debug|x64.ActiveCfg = Debug|Any CPU
		{6D204644-5C52-4B01-85B6-144F8100C51C}.Debug|x64.Build.0 = Debug|Any CPU
		{6D204644-5C52-4B01-85B6-144F8100C51C}.Debug|x86.ActiveCfg = Debug|Any CPU
		{6D204644-5C52-4B01-85B6-144F8100C51C}.Debug|x86.Build.0 = Debug|Any CPU
		{6D204644-5C52-4B01-85B6-144F8100C51C}.Release|Any CPU.ActiveCfg = Release|Any CPU
		{6D204644-5C52-4B01-85B6-144F8100C51C}.Release|Any CPU.Build.0 = Release|Any CPU
		{6D204644-5C52-4B01-85B6-144F8100C51C}.Release|x64.ActiveCfg = Release|Any CPU
		{6D204644-5C52-4B01-85B6-144F8100C51C}.Release|x64.Build.0 = Release|Any CPU
		{6D204644-5C52-4B01-85B6-144F8100C51C}.Release|x86.ActiveCfg = Release|Any CPU
		{6D204644-5C52-4B01-85B6-144F8100C51C}.Release|x86.Build.0 = Release|Any CPU
		{9322CF0B-1D92-4217-A461-AB416EE66B9F}.Debug|Any CPU.ActiveCfg = Debug|Any CPU
		{9322CF0B-1D92-4217-A461-AB416EE66B9F}.Debug|Any CPU.Build.0 = Debug|Any CPU
		{9322CF0B-1D92-4217-A461-AB416EE66B9F}.Debug|x64.ActiveCfg = Debug|Any CPU
		{9322CF0B-1D92-4217-A461-AB416EE66B9F}.Debug|x64.Build.0 = Debug|Any CPU
		{9322CF0B-1D92-4217-A461-AB416EE66B9F}.Debug|x86.ActiveCfg = Debug|Any CPU
		{9322CF0B-1D92-4217-A461-AB416EE66B9F}.Debug|x86.Build.0 = Debug|Any CPU
		{9322CF0B-1D92-4217-A461-AB416EE66B9F}.Release|Any CPU.ActiveCfg = Release|Any CPU
		{9322CF0B-1D92-4217-A461-AB416EE66B9F}.Release|Any CPU.Build.0 = Release|Any CPU
		{9322CF0B-1D92-4217-A461-AB416EE66B9F}.Release|x64.ActiveCfg = Release|Any CPU
		{9322CF0B-1D92-4217-A461-AB416EE66B9F}.Release|x64.Build.0 = Release|Any CPU
		{9322CF0B-1D92-4217-A461-AB416EE66B9F}.Release|x86.ActiveCfg = Release|Any CPU
		{9322CF0B-1D92-4217-A461-AB416EE66B9F}.Release|x86.Build.0 = Release|Any CPU
	EndGlobalSection
	GlobalSection(SolutionProperties) = preSolution
		HideSolutionNode = FALSE
	EndGlobalSection
	GlobalSection(NestedProjects) = preSolution
		{3BAC7EF3-0CFA-4284-A1CC-61D2FD76B28D} = {827E0CD3-B72D-47B6-A68D-7590B98EB39B}
		{76548DAC-0634-4727-B6C1-B36DAD2CC678} = {827E0CD3-B72D-47B6-A68D-7590B98EB39B}
		{9CD7DE89-1FE2-4B56-A00F-46E23E87289A} = {827E0CD3-B72D-47B6-A68D-7590B98EB39B}
		{6D204644-5C52-4B01-85B6-144F8100C51C} = {827E0CD3-B72D-47B6-A68D-7590B98EB39B}
		{9322CF0B-1D92-4217-A461-AB416EE66B9F} = {827E0CD3-B72D-47B6-A68D-7590B98EB39B}
	EndGlobalSection
EndGlobal
